
Microsoft Visual Studio Solution File, Format Version 12.00
# Visual Studio Version 17
VisualStudioVersion = 17.1.32421.90
MinimumVisualStudioVersion = 10.0.40219.1
Project("{2150E333-8FDC-42A3-9474-1A3956D46DE8}") = "src", "src", "{A05F26DE-17C2-497F-B244-EE6790789066}"
EndProject
Project("{2150E333-8FDC-42A3-9474-1A3956D46DE8}") = "Solution Items", "Solution Items", "{80F86A4F-9009-4FB4-9E92-33B6513CF2D7}"
	ProjectSection(SolutionItems) = preProject
		LICENSE = LICENSE
		README.md = README.md
	EndProjectSection
EndProject
Project("{2150E333-8FDC-42A3-9474-1A3956D46DE8}") = "test", "test", "{DE5976C5-83CD-4518-A05E-0DEC2EA5D17C}"
EndProject
Project("{9A19103F-16F7-4668-BE54-9A1E7A4F7556}") = "ITfoxtec.Identity.Saml2.MvcCore", "src\ITfoxtec.Identity.Saml2.MvcCore\ITfoxtec.Identity.Saml2.MvcCore.csproj", "{FA372444-40AE-4F9E-97A3-6A3DC7B719E0}"
EndProject
Project("{9A19103F-16F7-4668-BE54-9A1E7A4F7556}") = "TestWebAppCore", "test\TestWebAppCore\TestWebAppCore.csproj", "{4C3E929B-D5AA-45EA-8945-97C0C7E3309D}"
EndProject
Project("{9A19103F-16F7-4668-BE54-9A1E7A4F7556}") = "TestIdPCore", "test\TestIdPCore\TestIdPCore.csproj", "{732D6B51-DF98-48E6-96AC-E16FED8FB3CE}"
EndProject
Project("{FAE04EC0-301F-11D3-BF4B-00C04F79EFBC}") = "TestWebApp", "test\TestWebApp\TestWebApp.csproj", "{9FEC1868-DF03-43B2-8AB9-DBE5F4E223D2}"
EndProject
Project("{9A19103F-16F7-4668-BE54-9A1E7A4F7556}") = "ITfoxtec.Identity.Saml2", "src\ITfoxtec.Identity.Saml2\ITfoxtec.Identity.Saml2.csproj", "{3EE8359C-DD95-4AC9-8137-2E551CF7CDCD}"
EndProject
Project("{9A19103F-16F7-4668-BE54-9A1E7A4F7556}") = "TestWebAppCoreFramework", "test\TestWebAppCoreFramework\TestWebAppCoreFramework.csproj", "{AB921243-70BE-4B10-BDDD-7F62FDA8CF93}"
EndProject
Project("{9A19103F-16F7-4668-BE54-9A1E7A4F7556}") = "ITfoxtec.Identity.Saml2.Mvc", "src\ITfoxtec.Identity.Saml2.Mvc\ITfoxtec.Identity.Saml2.Mvc.csproj", "{1966436F-5CEC-4290-A547-152357C0BD24}"
EndProject
Project("{9A19103F-16F7-4668-BE54-9A1E7A4F7556}") = "TestWebAppCoreAzureKeyVault", "test\TestWebAppCoreAzureKeyVault\TestWebAppCoreAzureKeyVault.csproj", "{03A37D91-A36B-48C0-90A1-1FCF43621E60}"
EndProject
Project("{9A19103F-16F7-4668-BE54-9A1E7A4F7556}") = "TestWebAppCoreNemLogin3Sp", "test\TestWebAppCoreNemLogin3Sp\TestWebAppCoreNemLogin3Sp.csproj", "{072134FF-11D2-4EF5-A5C5-0A601DFECE80}"
EndProject
Project("{9A19103F-16F7-4668-BE54-9A1E7A4F7556}") = "TestWebAppCoreArtifact", "test\TestWebAppCoreArtifact\TestWebAppCoreArtifact.csproj", "{2D24E891-3A18-46BE-A0F3-5DB9753551D8}"
EndProject
Project("{9A19103F-16F7-4668-BE54-9A1E7A4F7556}") = "TestWebAppCoreAngularApi", "test\TestWebAppCoreAngularApi\TestWebAppCoreAngularApi.csproj", "{788D6556-3740-4D24-B898-7A1845A01A9E}"
EndProject
Global
	GlobalSection(SolutionConfigurationPlatforms) = preSolution
		Debug|Any CPU = Debug|Any CPU
		Release|Any CPU = Release|Any CPU
	EndGlobalSection
	GlobalSection(ProjectConfigurationPlatforms) = postSolution
		{FA372444-40AE-4F9E-97A3-6A3DC7B719E0}.Debug|Any CPU.ActiveCfg = Debug|Any CPU
		{FA372444-40AE-4F9E-97A3-6A3DC7B719E0}.Debug|Any CPU.Build.0 = Debug|Any CPU
		{FA372444-40AE-4F9E-97A3-6A3DC7B719E0}.Release|Any CPU.ActiveCfg = Release|Any CPU
		{FA372444-40AE-4F9E-97A3-6A3DC7B719E0}.Release|Any CPU.Build.0 = Release|Any CPU
		{4C3E929B-D5AA-45EA-8945-97C0C7E3309D}.Debug|Any CPU.ActiveCfg = Debug|Any CPU
		{4C3E929B-D5AA-45EA-8945-97C0C7E3309D}.Debug|Any CPU.Build.0 = Debug|Any CPU
		{4C3E929B-D5AA-45EA-8945-97C0C7E3309D}.Release|Any CPU.ActiveCfg = Release|Any CPU
		{4C3E929B-D5AA-45EA-8945-97C0C7E3309D}.Release|Any CPU.Build.0 = Release|Any CPU
		{732D6B51-DF98-48E6-96AC-E16FED8FB3CE}.Debug|Any CPU.ActiveCfg = Debug|Any CPU
		{732D6B51-DF98-48E6-96AC-E16FED8FB3CE}.Debug|Any CPU.Build.0 = Debug|Any CPU
		{732D6B51-DF98-48E6-96AC-E16FED8FB3CE}.Release|Any CPU.ActiveCfg = Release|Any CPU
		{732D6B51-DF98-48E6-96AC-E16FED8FB3CE}.Release|Any CPU.Build.0 = Release|Any CPU
		{9FEC1868-DF03-43B2-8AB9-DBE5F4E223D2}.Debug|Any CPU.ActiveCfg = Debug|Any CPU
		{9FEC1868-DF03-43B2-8AB9-DBE5F4E223D2}.Debug|Any CPU.Build.0 = Debug|Any CPU
		{9FEC1868-DF03-43B2-8AB9-DBE5F4E223D2}.Release|Any CPU.ActiveCfg = Release|Any CPU
		{9FEC1868-DF03-43B2-8AB9-DBE5F4E223D2}.Release|Any CPU.Build.0 = Release|Any CPU
		{3EE8359C-DD95-4AC9-8137-2E551CF7CDCD}.Debug|Any CPU.ActiveCfg = Debug|Any CPU
		{3EE8359C-DD95-4AC9-8137-2E551CF7CDCD}.Debug|Any CPU.Build.0 = Debug|Any CPU
		{3EE8359C-DD95-4AC9-8137-2E551CF7CDCD}.Release|Any CPU.ActiveCfg = Release|Any CPU
		{3EE8359C-DD95-4AC9-8137-2E551CF7CDCD}.Release|Any CPU.Build.0 = Release|Any CPU
		{AB921243-70BE-4B10-BDDD-7F62FDA8CF93}.Debug|Any CPU.ActiveCfg = Debug|Any CPU
		{AB921243-70BE-4B10-BDDD-7F62FDA8CF93}.Debug|Any CPU.Build.0 = Debug|Any CPU
		{AB921243-70BE-4B10-BDDD-7F62FDA8CF93}.Release|Any CPU.ActiveCfg = Release|Any CPU
		{1966436F-5CEC-4290-A547-152357C0BD24}.Debug|Any CPU.ActiveCfg = Debug|Any CPU
		{1966436F-5CEC-4290-A547-152357C0BD24}.Debug|Any CPU.Build.0 = Debug|Any CPU
		{1966436F-5CEC-4290-A547-152357C0BD24}.Release|Any CPU.ActiveCfg = Release|Any CPU
		{1966436F-5CEC-4290-A547-152357C0BD24}.Release|Any CPU.Build.0 = Release|Any CPU
		{03A37D91-A36B-48C0-90A1-1FCF43621E60}.Debug|Any CPU.ActiveCfg = Debug|Any CPU
		{03A37D91-A36B-48C0-90A1-1FCF43621E60}.Debug|Any CPU.Build.0 = Debug|Any CPU
		{03A37D91-A36B-48C0-90A1-1FCF43621E60}.Release|Any CPU.ActiveCfg = Release|Any CPU
		{03A37D91-A36B-48C0-90A1-1FCF43621E60}.Release|Any CPU.Build.0 = Release|Any CPU
		{072134FF-11D2-4EF5-A5C5-0A601DFECE80}.Debug|Any CPU.ActiveCfg = Debug|Any CPU
		{072134FF-11D2-4EF5-A5C5-0A601DFECE80}.Debug|Any CPU.Build.0 = Debug|Any CPU
		{072134FF-11D2-4EF5-A5C5-0A601DFECE80}.Release|Any CPU.ActiveCfg = Release|Any CPU
		{072134FF-11D2-4EF5-A5C5-0A601DFECE80}.Release|Any CPU.Build.0 = Release|Any CPU
		{2D24E891-3A18-46BE-A0F3-5DB9753551D8}.Debug|Any CPU.ActiveCfg = Debug|Any CPU
		{2D24E891-3A18-46BE-A0F3-5DB9753551D8}.Debug|Any CPU.Build.0 = Debug|Any CPU
		{2D24E891-3A18-46BE-A0F3-5DB9753551D8}.Release|Any CPU.ActiveCfg = Release|Any CPU
		{2D24E891-3A18-46BE-A0F3-5DB9753551D8}.Release|Any CPU.Build.0 = Release|Any CPU
		{788D6556-3740-4D24-B898-7A1845A01A9E}.Debug|Any CPU.ActiveCfg = Debug|Any CPU
		{788D6556-3740-4D24-B898-7A1845A01A9E}.Debug|Any CPU.Build.0 = Debug|Any CPU
		{788D6556-3740-4D24-B898-7A1845A01A9E}.Release|Any CPU.ActiveCfg = Release|Any CPU
	EndGlobalSection
	GlobalSection(SolutionProperties) = preSolution
		HideSolutionNode = FALSE
	EndGlobalSection
	GlobalSection(NestedProjects) = preSolution
		{FA372444-40AE-4F9E-97A3-6A3DC7B719E0} = {A05F26DE-17C2-497F-B244-EE6790789066}
		{4C3E929B-D5AA-45EA-8945-97C0C7E3309D} = {DE5976C5-83CD-4518-A05E-0DEC2EA5D17C}
		{732D6B51-DF98-48E6-96AC-E16FED8FB3CE} = {DE5976C5-83CD-4518-A05E-0DEC2EA5D17C}
		{9FEC1868-DF03-43B2-8AB9-DBE5F4E223D2} = {DE5976C5-83CD-4518-A05E-0DEC2EA5D17C}
		{3EE8359C-DD95-4AC9-8137-2E551CF7CDCD} = {A05F26DE-17C2-497F-B244-EE6790789066}
		{AB921243-70BE-4B10-BDDD-7F62FDA8CF93} = {DE5976C5-83CD-4518-A05E-0DEC2EA5D17C}
		{1966436F-5CEC-4290-A547-152357C0BD24} = {A05F26DE-17C2-497F-B244-EE6790789066}
		{03A37D91-A36B-48C0-90A1-1FCF43621E60} = {DE5976C5-83CD-4518-A05E-0DEC2EA5D17C}
		{072134FF-11D2-4EF5-A5C5-0A601DFECE80} = {DE5976C5-83CD-4518-A05E-0DEC2EA5D17C}
		{2D24E891-3A18-46BE-A0F3-5DB9753551D8} = {DE5976C5-83CD-4518-A05E-0DEC2EA5D17C}
		{788D6556-3740-4D24-B898-7A1845A01A9E} = {DE5976C5-83CD-4518-A05E-0DEC2EA5D17C}
	EndGlobalSection
	GlobalSection(ExtensibilityGlobals) = postSolution
		SolutionGuid = {64BB7D39-E92F-466D-B601-276E16FF6EB4}
	EndGlobalSection
EndGlobal
